{
  "version": 4,
  "terraform_version": "0.12.29",
  "serial": 104,
  "lineage": "0123dc70-09af-9ef8-7ff9-e91cefd1fbaa",
  "outputs": {},
  "resources": [
    {
      "mode": "managed",
      "type": "aws_instance",
      "name": "web",
      "provider": "provider.aws",
      "instances": [
        {
          "schema_version": 1,
          "attributes": {
            "ami": "ami-03c3a7e4263fd998c",
            "arn": "arn:aws:ec2:eu-central-1:678878256416:instance/i-0c2e9d3894c798379",
            "associate_public_ip_address": true,
            "availability_zone": "eu-central-1b",
            "cpu_core_count": 1,
            "cpu_threads_per_core": 1,
            "credit_specification": [
              {
                "cpu_credits": "standard"
              }
            ],
            "disable_api_termination": false,
            "ebs_block_device": [],
            "ebs_optimized": false,
            "enclave_options": [
              {
                "enabled": false
              }
            ],
            "ephemeral_block_device": [],
            "get_password_data": false,
            "hibernation": false,
            "host_id": null,
            "iam_instance_profile": "",
            "id": "i-0c2e9d3894c798379",
            "instance_initiated_shutdown_behavior": null,
            "instance_state": "running",
            "instance_type": "t2.micro",
            "ipv6_address_count": 0,
            "ipv6_addresses": [],
            "key_name": "my-ec2-key",
            "metadata_options": [
              {
                "http_endpoint": "enabled",
                "http_put_response_hop_limit": 1,
                "http_tokens": "optional"
              }
            ],
            "monitoring": false,
            "network_interface": [],
            "outpost_arn": "",
            "password_data": "",
            "placement_group": "",
            "primary_network_interface_id": "eni-0d4085225012184ab",
            "private_dns": "ip-172-31-33-246.eu-central-1.compute.internal",
            "private_ip": "172.31.33.246",
            "public_dns": "ec2-52-59-206-223.eu-central-1.compute.amazonaws.com",
            "public_ip": "52.59.206.223",
            "root_block_device": [
              {
                "delete_on_termination": true,
                "device_name": "/dev/xvda",
                "encrypted": false,
                "iops": 100,
                "kms_key_id": "",
                "throughput": 0,
                "volume_id": "vol-075771adaadd93fb6",
                "volume_size": 8,
                "volume_type": "gp2"
              }
            ],
            "secondary_private_ips": [],
            "security_groups": [
              "ec2-sg"
            ],
            "source_dest_check": true,
            "subnet_id": "subnet-03d9317f",
            "tags": {
              "Environment": "Dev",
              "Name": "TF-Code-ec2"
            },
            "tenancy": "default",
            "timeouts": null,
            "user_data": null,
            "user_data_base64": null,
            "volume_tags": {},
            "vpc_security_group_ids": [
              "sg-0c3e99004655a7caa"
            ]
          },
          "private": "eyJlMmJmYjczMC1lY2FhLTExZTYtOGY4OC0zNDM2M2JjN2M0YzAiOnsiY3JlYXRlIjo2MDAwMDAwMDAwMDAsImRlbGV0ZSI6MTIwMDAwMDAwMDAwMCwidXBkYXRlIjo2MDAwMDAwMDAwMDB9LCJzY2hlbWFfdmVyc2lvbiI6IjEifQ==",
          "dependencies": [
            "aws_key_pair.mykey",
            "aws_security_group.sg"
          ]
        }
      ]
    },
    {
      "mode": "managed",
      "type": "aws_key_pair",
      "name": "mykey",
      "provider": "provider.aws",
      "instances": [
        {
          "schema_version": 1,
          "attributes": {
            "arn": "arn:aws:ec2:eu-central-1:678878256416:key-pair/my-ec2-key",
            "fingerprint": "7e:50:61:e9:72:e7:40:3d:d7:ee:7e:d3:4b:8d:b3:7b",
            "id": "my-ec2-key",
            "key_name": "my-ec2-key",
            "key_name_prefix": null,
            "key_pair_id": "key-007298fa9864b48f9",
            "public_key": "ssh-rsa AAAAB3NzaC1yc2EAAAADAQABAAABAQDq5vI8qXZEXU4WVANwJkH7E5Q61K6/Idirv2UqgdMZGAtc8w47H9il9OSXI2Fzy/8nbQJn4Ii1sx5p9ug+gA5WpAI3lGvt9nyOvC0dij9WVGBw0lKUtuugFoo800ND/uI9hyLkY/r/4TYlr8Uqrrs29MSstq9Cbq4OEd0g7B9QwTT0L+QZDxQSjkOjl1KBHssO+M2HkuqGhpQJ7wWhJ/6t28plN62dSFYqvPjcLkFzeBY7q2g1WxxeY6RTGOdiy6xWTIX+fc5qbpS7KjssePMaLKwMs4z4ayWbhNvMsAG3GlH57avtZV8UzfyecdFQrHv9A1FzI6j0KZ7mv1hTeVZJ pmex\\muhammad.adnan@ADNAN-LTP",
            "tags": null
          },
          "private": "eyJzY2hlbWFfdmVyc2lvbiI6IjEifQ=="
        }
      ]
    },
    {
      "mode": "managed",
      "type": "aws_security_group",
      "name": "sg",
      "provider": "provider.aws",
      "instances": [
        {
          "schema_version": 1,
          "attributes": {
            "arn": "arn:aws:ec2:eu-central-1:678878256416:security-group/sg-0c3e99004655a7caa",
            "description": "secuirty group for ec2 machine",
            "egress": [
              {
                "cidr_blocks": [
                  "0.0.0.0/0"
                ],
                "description": "",
                "from_port": 0,
                "ipv6_cidr_blocks": [],
                "prefix_list_ids": [],
                "protocol": "-1",
                "security_groups": [],
                "self": false,
                "to_port": 0
              }
            ],
            "id": "sg-0c3e99004655a7caa",
            "ingress": [
              {
                "cidr_blocks": [
                  "0.0.0.0/0"
                ],
                "description": "ssh port",
                "from_port": 22,
                "ipv6_cidr_blocks": [],
                "prefix_list_ids": [],
                "protocol": "tcp",
                "security_groups": [],
                "self": false,
                "to_port": 22
              }
            ],
            "name": "ec2-sg",
            "name_prefix": "",
            "owner_id": "678878256416",
            "revoke_rules_on_delete": false,
            "tags": null,
            "timeouts": null,
            "vpc_id": "vpc-26408a4c"
          },
          "private": "eyJlMmJmYjczMC1lY2FhLTExZTYtOGY4OC0zNDM2M2JjN2M0YzAiOnsiY3JlYXRlIjo2MDAwMDAwMDAwMDAsImRlbGV0ZSI6NjAwMDAwMDAwMDAwfSwic2NoZW1hX3ZlcnNpb24iOiIxIn0="
        }
      ]
    }
  ]
}
